{
  "name": "package",
  "version": "1.0.0",
  "lockfileVersion": 3,
  "requires": true,
  "packages": {
    "": {
      "name": "package",
      "version": "1.0.0",
      "license": "ISC",
      "dependencies": {
        "apponix-toucanpayments-april2023-pakage": "^1.0.0"
      }
    },
    "node_modules/apponix-toucanpayments-april2023-pakage": {
      "version": "1.0.0",
      "resolved": "https://registry.npmjs.org/apponix-toucanpayments-april2023-pakage/-/apponix-toucanpayments-april2023-pakage-1.0.0.tgz",
      "integrity": "sha512-XkPUKyQPHSOxnkOoWVbu4MinJnxAO4p/TowobJwKeYNJ/YUmEiShjBADwI81oqyTtGe9HVwcI303hDjnhfzKVA=="
    }
  }
}
